
Microsoft Visual Studio Solution File, Format Version 12.00
# Visual Studio Version 16
VisualStudioVersion = 16.0.29806.167
MinimumVisualStudioVersion = 10.0.40219.1
Project("{FAE04EC0-301F-11D3-BF4B-00C04F79EFBC}") = "MethodOverriding", "MethodOverriding.csproj", "{72B04DAA-FDB9-4E16-872D-BECF0935CFCC}"
EndProject
Global
	GlobalSection(SolutionConfigurationPlatforms) = preSolution
		Debug|Any CPU = Debug|Any CPU
		Release|Any CPU = Release|Any CPU
	EndGlobalSection
	GlobalSection(ProjectConfigurationPlatforms) = postSolution
		{72B04DAA-FDB9-4E16-872D-BECF0935CFCC}.Debug|Any CPU.ActiveCfg = Debug|Any CPU
		{72B04DAA-FDB9-4E16-872D-BECF0935CFCC}.Debug|Any CPU.Build.0 = Debug|Any CPU
		{72B04DAA-FDB9-4E16-872D-BECF0935CFCC}.Release|Any CPU.ActiveCfg = Release|Any CPU
		{72B04DAA-FDB9-4E16-872D-BECF0935CFCC}.Release|Any CPU.Build.0 = Release|Any CPU
	EndGlobalSection
	GlobalSection(SolutionProperties) = preSolution
		HideSolutionNode = FALSE
	EndGlobalSection
	GlobalSection(ExtensibilityGlobals) = postSolution
		SolutionGuid = {48F10E00-C266-4515-9672-92390EA325C4}
	EndGlobalSection
EndGlobal
